// !$*UTF8*$!
{
	archiveVersion = 1;
	classes = {
	};
	objectVersion = 46;
	objects = {

/* Begin PBXBuildFile section */
		2A33CD411D201983000FA6B8 /* AppDelegate.swift in Sources */ = {isa = PBXBuildFile; fileRef = 2A33CD401D201983000FA6B8 /* AppDelegate.swift */; };
		2A33CD431D201983000FA6B8 /* ViewController.swift in Sources */ = {isa = PBXBuildFile; fileRef = 2A33CD421D201983000FA6B8 /* ViewController.swift */; };
		2A33CD461D201983000FA6B8 /* Main.storyboard in Resources */ = {isa = PBXBuildFile; fileRef = 2A33CD441D201983000FA6B8 /* Main.storyboard */; };
		2A33CD481D201983000FA6B8 /* Assets.xcassets in Resources */ = {isa = PBXBuildFile; fileRef = 2A33CD471D201983000FA6B8 /* Assets.xcassets */; };
		2A33CD4B1D201983000FA6B8 /* LaunchScreen.storyboard in Resources */ = {isa = PBXBuildFile; fileRef = 2A33CD491D201983000FA6B8 /* LaunchScreen.storyboard */; };
		2A33CD561D201983000FA6B8 /* WordChainTests.swift in Sources */ = {isa = PBXBuildFile; fileRef = 2A33CD551D201983000FA6B8 /* WordChainTests.swift */; };
/* End PBXBuildFile section */

/* Begin PBXContainerItemProxy section */
		2A33CD521D201983000FA6B8 /* PBXContainerItemProxy */ = {
			isa = PBXContainerItemProxy;
			containerPortal = 2A33CD351D201982000FA6B8 /* Project object */;
			proxyType = 1;
			remoteGlobalIDString = 2A33CD3C1D201983000FA6B8;
			remoteInfo = WordChain;
		};
/* End PBXContainerItemProxy section */

/* Begin PBXFileReference section */
		2A33CD3D1D201983000FA6B8 /* WordChain.app */ = {isa = PBXFileReference; explicitFileType = wrapper.application; includeInIndex = 0; path = WordChain.app; sourceTree = BUILT_PRODUCTS_DIR; };
		2A33CD401D201983000FA6B8 /* AppDelegate.swift */ = {isa = PBXFileReference; lastKnownFileType = sourcecode.swift; path = AppDelegate.swift; sourceTree = "<group>"; };
		2A33CD421D201983000FA6B8 /* ViewController.swift */ = {isa = PBXFileReference; lastKnownFileType = sourcecode.swift; path = ViewController.swift; sourceTree = "<group>"; };
		2A33CD451D201983000FA6B8 /* Base */ = {isa = PBXFileReference; lastKnownFileType = file.storyboard; name = Base; path = Base.lproj/Main.storyboard; sourceTree = "<group>"; };
		2A33CD471D201983000FA6B8 /* Assets.xcassets */ = {isa = PBXFileReference; lastKnownFileType = folder.assetcatalog; path = Assets.xcassets; sourceTree = "<group>"; };
		2A33CD4A1D201983000FA6B8 /* Base */ = {isa = PBXFileReference; lastKnownFileType = file.storyboard; name = Base; path = Base.lproj/LaunchScreen.storyboard; sourceTree = "<group>"; };
		2A33CD4C1D201983000FA6B8 /* Info.plist */ = {isa = PBXFileReference; lastKnownFileType = text.plist.xml; path = Info.plist; sourceTree = "<group>"; };
		2A33CD511D201983000FA6B8 /* WordChainTests.xctest */ = {isa = PBXFileReference; explicitFileType = wrapper.cfbundle; includeInIndex = 0; path = WordChainTests.xctest; sourceTree = BUILT_PRODUCTS_DIR; };
		2A33CD551D201983000FA6B8 /* WordChainTests.swift */ = {isa = PBXFileReference; lastKnownFileType = sourcecode.swift; path = WordChainTests.swift; sourceTree = "<group>"; };
		2A33CD571D201983000FA6B8 /* Info.plist */ = {isa = PBXFileReference; lastKnownFileType = text.plist.xml; path = Info.plist; sourceTree = "<group>"; };
/* End PBXFileReference section */

/* Begin PBXFrameworksBuildPhase section */
		2A33CD3A1D201983000FA6B8 /* Frameworks */ = {
			isa = PBXFrameworksBuildPhase;
			buildActionMask = 2147483647;
			files = (
			);
			runOnlyForDeploymentPostprocessing = 0;
		};
		2A33CD4E1D201983000FA6B8 /* Frameworks */ = {
			isa = PBXFrameworksBuildPhase;
			buildActionMask = 2147483647;
			files = (
			);
			runOnlyForDeploymentPostprocessing = 0;
		};
/* End PBXFrameworksBuildPhase section */

/* Begin PBXGroup section */
		2A33CD341D201982000FA6B8 = {
			isa = PBXGroup;
			children = (
				2A33CD3F1D201983000FA6B8 /* WordChain */,
				2A33CD541D201983000FA6B8 /* WordChainTests */,
				2A33CD3E1D201983000FA6B8 /* Products */,
			);
			sourceTree = "<group>";
		};
		2A33CD3E1D201983000FA6B8 /* Products */ = {
			isa = PBXGroup;
			children = (
				2A33CD3D1D201983000FA6B8 /* WordChain.app */,
				2A33CD511D201983000FA6B8 /* WordChainTests.xctest */,
			);
			name = Products;
			sourceTree = "<group>";
		};
		2A33CD3F1D201983000FA6B8 /* WordChain */ = {
			isa = PBXGroup;
			children = (
				2A33CD401D201983000FA6B8 /* AppDelegate.swift */,
				2A33CD421D201983000FA6B8 /* ViewController.swift */,
				2A33CD441D201983000FA6B8 /* Main.storyboard */,
				2A33CD471D201983000FA6B8 /* Assets.xcassets */,
				2A33CD491D201983000FA6B8 /* LaunchScreen.storyboard */,
				2A33CD4C1D201983000FA6B8 /* Info.plist */,
			);
			path = WordChain;
			sourceTree = "<group>";
		};
		2A33CD541D201983000FA6B8 /* WordChainTests */ = {
			isa = PBXGroup;
			children = (
				2A33CD551D201983000FA6B8 /* WordChainTests.swift */,
				2A33CD571D201983000FA6B8 /* Info.plist */,
			);
			path = WordChainTests;
			sourceTree = "<group>";
		};
/* End PBXGroup section */

/* Begin PBXNativeTarget section */
		2A33CD3C1D201983000FA6B8 /* WordChain */ = {
			isa = PBXNativeTarget;
			buildConfigurationList = 2A33CD5A1D201983000FA6B8 /* Build configuration list for PBXNativeTarget "WordChain" */;
			buildPhases = (
				2A33CD391D201983000FA6B8 /* Sources */,
				2A33CD3A1D201983000FA6B8 /* Frameworks */,
				2A33CD3B1D201983000FA6B8 /* Resources */,
			);
			buildRules = (
			);
			dependencies = (
			);
			name = WordChain;
			productName = WordChain;
			productReference = 2A33CD3D1D201983000FA6B8 /* WordChain.app */;
			productType = "com.apple.product-type.application";
		};
		2A33CD501D201983000FA6B8 /* WordChainTests */ = {
			isa = PBXNativeTarget;
			buildConfigurationList = 2A33CD5D1D201983000FA6B8 /* Build configuration list for PBXNativeTarget "WordChainTests" */;
			buildPhases = (
				2A33CD4D1D201983000FA6B8 /* Sources */,
				2A33CD4E1D201983000FA6B8 /* Frameworks */,
				2A33CD4F1D201983000FA6B8 /* Resources */,
			);
			buildRules = (
			);
			dependencies = (
				2A33CD531D201983000FA6B8 /* PBXTargetDependency */,
			);
			name = WordChainTests;
			productName = WordChainTests;
			productReference = 2A33CD511D201983000FA6B8 /* WordChainTests.xctest */;
			productType = "com.apple.product-type.bundle.unit-test";
		};
/* End PBXNativeTarget section */

/* Begin PBXProject section */
		2A33CD351D201982000FA6B8 /* Project object */ = {
			isa = PBXProject;
			attributes = {
				LastSwiftUpdateCheck = 0730;
				LastUpgradeCheck = 0730;
				ORGANIZATIONNAME = Chek;
				TargetAttributes = {
					2A33CD3C1D201983000FA6B8 = {
						CreatedOnToolsVersion = 7.3.1;
					};
					2A33CD501D201983000FA6B8 = {
						CreatedOnToolsVersion = 7.3.1;
						TestTargetID = 2A33CD3C1D201983000FA6B8;
					};
				};
			};
			buildConfigurationList = 2A33CD381D201982000FA6B8 /* Build configuration list for PBXProject "WordChain" */;
			compatibilityVersion = "Xcode 3.2";
			developmentRegion = English;
			hasScannedForEncodings = 0;
			knownRegions = (
				en,
				Base,
			);
			mainGroup = 2A33CD341D201982000FA6B8;
			productRefGroup = 2A33CD3E1D201983000FA6B8 /* Products */;
			projectDirPath = "";
			projectRoot = "";
			targets = (
				2A33CD3C1D201983000FA6B8 /* WordChain */,
				2A33CD501D201983000FA6B8 /* WordChainTests */,
			);
		};
/* End PBXProject section */

/* Begin PBXResourcesBuildPhase section */
		2A33CD3B1D201983000FA6B8 /* Resources */ = {
			isa = PBXResourcesBuildPhase;
			buildActionMask = 2147483647;
			files = (
				2A33CD4B1D201983000FA6B8 /* LaunchScreen.storyboard in Resources */,
				2A33CD481D201983000FA6B8 /* Assets.xcassets in Resources */,
				2A33CD461D201983000FA6B8 /* Main.storyboard in Resources */,
			);
			runOnlyForDeploymentPostprocessing = 0;
		};
		2A33CD4F1D201983000FA6B8 /* Resources */ = {
			isa = PBXResourcesBuildPhase;
			buildActionMask = 2147483647;
			files = (
			);
			runOnlyForDeploymentPostprocessing = 0;
		};
/* End PBXResourcesBuildPhase section */

/* Begin PBXSourcesBuildPhase section */
		2A33CD391D201983000FA6B8 /* Sources */ = {
			isa = PBXSourcesBuildPhase;
			buildActionMask = 2147483647;
			files = (
				2A33CD431D201983000FA6B8 /* ViewController.swift in Sources */,
				2A33CD411D201983000FA6B8 /* AppDelegate.swift in Sources */,
			);
			runOnlyForDeploymentPostprocessing = 0;
		};
		2A33CD4D1D201983000FA6B8 /* Sources */ = {
			isa = PBXSourcesBuildPhase;
			buildActionMask = 2147483647;
			files = (
				2A33CD561D201983000FA6B8 /* WordChainTests.swift in Sources */,
			);
			runOnlyForDeploymentPostprocessing = 0;
		};
/* End PBXSourcesBuildPhase section */

/* Begin PBXTargetDependency section */
		2A33CD531D201983000FA6B8 /* PBXTargetDependency */ = {
			isa = PBXTargetDependency;
			target = 2A33CD3C1D201983000FA6B8 /* WordChain */;
			targetProxy = 2A33CD521D201983000FA6B8 /* PBXContainerItemProxy */;
		};
/* End PBXTargetDependency section */

/* Begin PBXVariantGroup section */
		2A33CD441D201983000FA6B8 /* Main.storyboard */ = {
			isa = PBXVariantGroup;
			children = (
				2A33CD451D201983000FA6B8 /* Base */,
			);
			name = Main.storyboard;
			sourceTree = "<group>";
		};
		2A33CD491D201983000FA6B8 /* LaunchScreen.storyboard */ = {
			isa = PBXVariantGroup;
			children = (
				2A33CD4A1D201983000FA6B8 /* Base */,
			);
			name = LaunchScreen.storyboard;
			sourceTree = "<group>";
		};
/* End PBXVariantGroup section */

/* Begin XCBuildConfiguration section */
		2A33CD581D201983000FA6B8 /* Debug */ = {
			isa = XCBuildConfiguration;
			buildSettings = {
				ALWAYS_SEARCH_USER_PATHS = NO;
				CLANG_ANALYZER_NONNULL = YES;
				CLANG_CXX_LANGUAGE_STANDARD = "gnu++0x";
				CLANG_CXX_LIBRARY = "libc++";
				CLANG_ENABLE_MODULES = YES;
				CLANG_ENABLE_OBJC_ARC = YES;
				CLANG_WARN_BOOL_CONVERSION = YES;
				CLANG_WARN_CONSTANT_CONVERSION = YES;
				CLANG_WARN_DIRECT_OBJC_ISA_USAGE = YES_ERROR;
				CLANG_WARN_EMPTY_BODY = YES;
				CLANG_WARN_ENUM_CONVERSION = YES;
				CLANG_WARN_INT_CONVERSION = YES;
				CLANG_WARN_OBJC_ROOT_CLASS = YES_ERROR;
				CLANG_WARN_UNREACHABLE_CODE = YES;
				CLANG_WARN__DUPLICATE_METHOD_MATCH = YES;
				"CODE_SIGN_IDENTITY[sdk=iphoneos*]" = "iPhone Developer";
				COPY_PHASE_STRIP = NO;
				DEBUG_INFORMATION_FORMAT = dwarf;
				ENABLE_STRICT_OBJC_MSGSEND = YES;
				ENABLE_TESTABILITY = YES;
				GCC_C_LANGUAGE_STANDARD = gnu99;
				GCC_DYNAMIC_NO_PIC = NO;
				GCC_NO_COMMON_BLOCKS = YES;
				GCC_OPTIMIZATION_LEVEL = 0;
				GCC_PREPROCESSOR_DEFINITIONS = (
					"DEBUG=1",
					"$(inherited)",
				);
				GCC_WARN_64_TO_32_BIT_CONVERSION = YES;
				GCC_WARN_ABOUT_RETURN_TYPE = YES_ERROR;
				GCC_WARN_UNDECLARED_SELECTOR = YES;
				GCC_WARN_UNINITIALIZED_AUTOS = YES_AGGRESSIVE;
				GCC_WARN_UNUSED_FUNCTION = YES;
				GCC_WARN_UNUSED_VARIABLE = YES;
				IPHONEOS_DEPLOYMENT_TARGET = 9.3;
				MTL_ENABLE_DEBUG_INFO = YES;
				ONLY_ACTIVE_ARCH = YES;
				SDKROOT = iphoneos;
				SWIFT_OPTIMIZATION_LEVEL = "-Onone";
				TARGETED_DEVICE_FAMILY = "1,2";
			};
			name = Debug;
		};
		2A33CD591D201983000FA6B8 /* Release */ = {
			isa = XCBuildConfiguration;
			buildSettings = {
				ALWAYS_SEARCH_USER_PATHS = NO;
				CLANG_ANALYZER_NONNULL = YES;
				CLANG_CXX_LANGUAGE_STANDARD = "gnu++0x";
				CLANG_CXX_LIBRARY = "libc++";
				CLANG_ENABLE_MODULES = YES;
				CLANG_ENABLE_OBJC_ARC = YES;
				CLANG_WARN_BOOL_CONVERSION = YES;
				CLANG_WARN_CONSTANT_CONVERSION = YES;
				CLANG_WARN_DIRECT_OBJC_ISA_USAGE = YES_ERROR;
				CLANG_WARN_EMPTY_BODY = YES;
				CLANG_WARN_ENUM_CONVERSION = YES;
				CLANG_WARN_INT_CONVERSION = YES;
				CLANG_WARN_OBJC_ROOT_CLASS = YES_ERROR;
				CLANG_WARN_UNREACHABLE_CODE = YES;
				CLANG_WARN__DUPLICATE_METHOD_MATCH = YES;
				"CODE_SIGN_IDENTITY[sdk=iphoneos*]" = "iPhone Developer";
				COPY_PHASE_STRIP = NO;
				DEBUG_INFORMATION_FORMAT = "dwarf-with-dsym";
				ENABLE_NS_ASSERTIONS = NO;
				ENABLE_STRICT_OBJC_MSGSEND = YES;
				GCC_C_LANGUAGE_STANDARD = gnu99;
				GCC_NO_COMMON_BLOCKS = YES;
				GCC_WARN_64_TO_32_BIT_CONVERSION = YES;
				GCC_WARN_ABOUT_RETURN_TYPE = YES_ERROR;
				GCC_WARN_UNDECLARED_SELECTOR = YES;
				GCC_WARN_UNINITIALIZED_AUTOS = YES_AGGRESSIVE;
				GCC_WARN_UNUSED_FUNCTION = YES;
				GCC_WARN_UNUSED_VARIABLE = YES;
				IPHONEOS_DEPLOYMENT_TARGET = 9.3;
				MTL_ENABLE_DEBUG_INFO = NO;
				SDKROOT = iphoneos;
				TARGETED_DEVICE_FAMILY = "1,2";
				VALIDATE_PRODUCT = YES;
			};
			name = Release;
		};
		2A33CD5B1D201983000FA6B8 /* Debug */ = {
			isa = XCBuildConfiguration;
			buildSettings = {
				ASSETCATALOG_COMPILER_APPICON_NAME = AppIcon;
				INFOPLIST_FILE = WordChain/Info.plist;
				LD_RUNPATH_SEARCH_PATHS = "$(inherited) @executable_path/Frameworks";
				PRODUCT_BUNDLE_IDENTIFIER = com.chek.WordChain;
				PRODUCT_NAME = "$(TARGET_NAME)";
			};
			name = Debug;
		};
		2A33CD5C1D201983000FA6B8 /* Release */ = {
			isa = XCBuildConfiguration;
			buildSettings = {
				ASSETCATALOG_COMPILER_APPICON_NAME = AppIcon;
				INFOPLIST_FILE = WordChain/Info.plist;
				LD_RUNPATH_SEARCH_PATHS = "$(inherited) @executable_path/Frameworks";
				PRODUCT_BUNDLE_IDENTIFIER = com.chek.WordChain;
				PRODUCT_NAME = "$(TARGET_NAME)";
			};
			name = Release;
		};
		2A33CD5E1D201983000FA6B8 /* Debug */ = {
			isa = XCBuildConfiguration;
			buildSettings = {
				BUNDLE_LOADER = "$(TEST_HOST)";
				INFOPLIST_FILE = WordChainTests/Info.plist;
				LD_RUNPATH_SEARCH_PATHS = "$(inherited) @executable_path/Frameworks @loader_path/Frameworks";
				PRODUCT_BUNDLE_IDENTIFIER = com.chek.WordChainTests;
				PRODUCT_NAME = "$(TARGET_NAME)";
				TEST_HOST = "$(BUILT_PRODUCTS_DIR)/WordChain.app/WordChain";
			};
			name = Debug;
		};
		2A33CD5F1D201983000FA6B8 /* Release */ = {
			isa = XCBuildConfiguration;
			buildSettings = {
				BUNDLE_LOADER = "$(TEST_HOST)";
				INFOPLIST_FILE = WordChainTests/Info.plist;
				LD_RUNPATH_SEARCH_PATHS = "$(inherited) @executable_path/Frameworks @loader_path/Frameworks";
				PRODUCT_BUNDLE_IDENTIFIER = com.chek.WordChainTests;
				PRODUCT_NAME = "$(TARGET_NAME)";
				TEST_HOST = "$(BUILT_PRODUCTS_DIR)/WordChain.app/WordChain";
			};
			name = Release;
		};
/* End XCBuildConfiguration section */

/* Begin XCConfigurationList section */
		2A33CD381D201982000FA6B8 /* Build configuration list for PBXProject "WordChain" */ = {
			isa = XCConfigurationList;
			buildConfigurations = (
				2A33CD581D201983000FA6B8 /* Debug */,
				2A33CD591D201983000FA6B8 /* Release */,
			);
			defaultConfigurationIsVisible = 0;
			defaultConfigurationName = Release;
		};
		2A33CD5A1D201983000FA6B8 /* Build configuration list for PBXNativeTarget "WordChain" */ = {
			isa = XCConfigurationList;
			buildConfigurations = (
				2A33CD5B1D201983000FA6B8 /* Debug */,
				2A33CD5C1D201983000FA6B8 /* Release */,
			);
			defaultConfigurationIsVisible = 0;
		};
		2A33CD5D1D201983000FA6B8 /* Build configuration list for PBXNativeTarget "WordChainTests" */ = {
			isa = XCConfigurationList;
			buildConfigurations = (
				2A33CD5E1D201983000FA6B8 /* Debug */,
				2A33CD5F1D201983000FA6B8 /* Release */,
			);
			defaultConfigurationIsVisible = 0;
		};
/* End XCConfigurationList section */
	};
	rootObject = 2A33CD351D201982000FA6B8 /* Project object */;
}
